
Microsoft Visual Studio Solution File, Format Version 12.00
# Visual Studio Version 16
VisualStudioVersion = 16.0.30413.136
MinimumVisualStudioVersion = 10.0.40219.1
Project("{FAE04EC0-301F-11D3-BF4B-00C04F79EFBC}") = "SLot_test_1", "SLot_test_1\SLot_test_1.csproj", "{73133339-781D-44EB-8CDC-7DC1365C73E2}"
EndProject
Global
	GlobalSection(SolutionConfigurationPlatforms) = preSolution
		Debug|Any CPU = Debug|Any CPU
		Release|Any CPU = Release|Any CPU
	EndGlobalSection
	GlobalSection(ProjectConfigurationPlatforms) = postSolution
		{73133339-781D-44EB-8CDC-7DC1365C73E2}.Debug|Any CPU.ActiveCfg = Debug|Any CPU
		{73133339-781D-44EB-8CDC-7DC1365C73E2}.Debug|Any CPU.Build.0 = Debug|Any CPU
		{73133339-781D-44EB-8CDC-7DC1365C73E2}.Release|Any CPU.ActiveCfg = Release|Any CPU
		{73133339-781D-44EB-8CDC-7DC1365C73E2}.Release|Any CPU.Build.0 = Release|Any CPU
	EndGlobalSection
	GlobalSection(SolutionProperties) = preSolution
		HideSolutionNode = FALSE
	EndGlobalSection
	GlobalSection(ExtensibilityGlobals) = postSolution
		SolutionGuid = {01E554B3-0EA1-46EB-A1B6-F2D6FDFECD35}
	EndGlobalSection
EndGlobal
